// !$*UTF8*$!
{
	archiveVersion = 1;
	classes = {
	};
	objectVersion = 46;
	objects = {

/* Begin PBXBuildFile section */
		D275ED2919F975AA00ADE69D /* main.m in Sources */ = {isa = PBXBuildFile; fileRef = D275ED2819F975AA00ADE69D /* main.m */; };
		D275ED2C19F975AA00ADE69D /* AppDelegate.m in Sources */ = {isa = PBXBuildFile; fileRef = D275ED2B19F975AA00ADE69D /* AppDelegate.m */; };
		D275ED3219F975AA00ADE69D /* Main.storyboard in Resources */ = {isa = PBXBuildFile; fileRef = D275ED3019F975AA00ADE69D /* Main.storyboard */; };
		D275ED3719F975AA00ADE69D /* LaunchScreen.xib in Resources */ = {isa = PBXBuildFile; fileRef = D275ED3519F975AA00ADE69D /* LaunchScreen.xib */; };
		D275ED4319F975AA00ADE69D /* DSLRCameraBLEShutterTests.m in Sources */ = {isa = PBXBuildFile; fileRef = D275ED4219F975AA00ADE69D /* DSLRCameraBLEShutterTests.m */; };
		D275ED5119F9852400ADE69D /* Images.xcassets in Resources */ = {isa = PBXBuildFile; fileRef = D275ED5019F9852400ADE69D /* Images.xcassets */; };
		D275ED5419F993E400ADE69D /* ShutterViewController.m in Sources */ = {isa = PBXBuildFile; fileRef = D275ED5319F993E400ADE69D /* ShutterViewController.m */; };
		D275ED5B19F9A4B600ADE69D /* CoreBluetooth.framework in Frameworks */ = {isa = PBXBuildFile; fileRef = D275ED5A19F9A4B600ADE69D /* CoreBluetooth.framework */; };
/* End PBXBuildFile section */

/* Begin PBXContainerItemProxy section */
		D275ED3D19F975AA00ADE69D /* PBXContainerItemProxy */ = {
			isa = PBXContainerItemProxy;
			containerPortal = D275ED1B19F975AA00ADE69D /* Project object */;
			proxyType = 1;
			remoteGlobalIDString = D275ED2219F975AA00ADE69D;
			remoteInfo = DSLRCameraBLEShutter;
		};
/* End PBXContainerItemProxy section */

/* Begin PBXFileReference section */
		D275ED2319F975AA00ADE69D /* DSLRCameraBLEShutter.app */ = {isa = PBXFileReference; explicitFileType = wrapper.application; includeInIndex = 0; path = DSLRCameraBLEShutter.app; sourceTree = BUILT_PRODUCTS_DIR; };
		D275ED2719F975AA00ADE69D /* Info.plist */ = {isa = PBXFileReference; lastKnownFileType = text.plist.xml; path = Info.plist; sourceTree = "<group>"; };
		D275ED2819F975AA00ADE69D /* main.m */ = {isa = PBXFileReference; lastKnownFileType = sourcecode.c.objc; path = main.m; sourceTree = "<group>"; };
		D275ED2A19F975AA00ADE69D /* AppDelegate.h */ = {isa = PBXFileReference; lastKnownFileType = sourcecode.c.h; path = AppDelegate.h; sourceTree = "<group>"; };
		D275ED2B19F975AA00ADE69D /* AppDelegate.m */ = {isa = PBXFileReference; lastKnownFileType = sourcecode.c.objc; path = AppDelegate.m; sourceTree = "<group>"; };
		D275ED3119F975AA00ADE69D /* Base */ = {isa = PBXFileReference; lastKnownFileType = file.storyboard; name = Base; path = Base.lproj/Main.storyboard; sourceTree = "<group>"; };
		D275ED3619F975AA00ADE69D /* Base */ = {isa = PBXFileReference; lastKnownFileType = file.xib; name = Base; path = Base.lproj/LaunchScreen.xib; sourceTree = "<group>"; };
		D275ED3C19F975AA00ADE69D /* DSLRCameraBLEShutterTests.xctest */ = {isa = PBXFileReference; explicitFileType = wrapper.cfbundle; includeInIndex = 0; path = DSLRCameraBLEShutterTests.xctest; sourceTree = BUILT_PRODUCTS_DIR; };
		D275ED4119F975AA00ADE69D /* Info.plist */ = {isa = PBXFileReference; lastKnownFileType = text.plist.xml; path = Info.plist; sourceTree = "<group>"; };
		D275ED4219F975AA00ADE69D /* DSLRCameraBLEShutterTests.m */ = {isa = PBXFileReference; lastKnownFileType = sourcecode.c.objc; path = DSLRCameraBLEShutterTests.m; sourceTree = "<group>"; };
		D275ED5019F9852400ADE69D /* Images.xcassets */ = {isa = PBXFileReference; lastKnownFileType = folder.assetcatalog; path = Images.xcassets; sourceTree = "<group>"; };
		D275ED5219F993E400ADE69D /* ShutterViewController.h */ = {isa = PBXFileReference; fileEncoding = 4; lastKnownFileType = sourcecode.c.h; path = ShutterViewController.h; sourceTree = "<group>"; };
		D275ED5319F993E400ADE69D /* ShutterViewController.m */ = {isa = PBXFileReference; fileEncoding = 4; lastKnownFileType = sourcecode.c.objc; path = ShutterViewController.m; sourceTree = "<group>"; };
		D275ED5A19F9A4B600ADE69D /* CoreBluetooth.framework */ = {isa = PBXFileReference; lastKnownFileType = wrapper.framework; name = CoreBluetooth.framework; path = System/Library/Frameworks/CoreBluetooth.framework; sourceTree = SDKROOT; };
/* End PBXFileReference section */

/* Begin PBXFrameworksBuildPhase section */
		D275ED2019F975AA00ADE69D /* Frameworks */ = {
			isa = PBXFrameworksBuildPhase;
			buildActionMask = 2147483647;
			files = (
				D275ED5B19F9A4B600ADE69D /* CoreBluetooth.framework in Frameworks */,
			);
			runOnlyForDeploymentPostprocessing = 0;
		};
		D275ED3919F975AA00ADE69D /* Frameworks */ = {
			isa = PBXFrameworksBuildPhase;
			buildActionMask = 2147483647;
			files = (
			);
			runOnlyForDeploymentPostprocessing = 0;
		};
/* End PBXFrameworksBuildPhase section */

/* Begin PBXGroup section */
		D275ED1A19F975AA00ADE69D = {
			isa = PBXGroup;
			children = (
				D275ED5A19F9A4B600ADE69D /* CoreBluetooth.framework */,
				D275ED2519F975AA00ADE69D /* DSLRCameraBLEShutter */,
				D275ED3F19F975AA00ADE69D /* DSLRCameraBLEShutterTests */,
				D275ED2419F975AA00ADE69D /* Products */,
			);
			sourceTree = "<group>";
		};
		D275ED2419F975AA00ADE69D /* Products */ = {
			isa = PBXGroup;
			children = (
				D275ED2319F975AA00ADE69D /* DSLRCameraBLEShutter.app */,
				D275ED3C19F975AA00ADE69D /* DSLRCameraBLEShutterTests.xctest */,
			);
			name = Products;
			sourceTree = "<group>";
		};
		D275ED2519F975AA00ADE69D /* DSLRCameraBLEShutter */ = {
			isa = PBXGroup;
			children = (
				D275ED2A19F975AA00ADE69D /* AppDelegate.h */,
				D275ED2B19F975AA00ADE69D /* AppDelegate.m */,
				D275ED5219F993E400ADE69D /* ShutterViewController.h */,
				D275ED5319F993E400ADE69D /* ShutterViewController.m */,
				D275ED3019F975AA00ADE69D /* Main.storyboard */,
				D275ED5019F9852400ADE69D /* Images.xcassets */,
				D275ED3519F975AA00ADE69D /* LaunchScreen.xib */,
				D275ED2619F975AA00ADE69D /* Supporting Files */,
			);
			path = DSLRCameraBLEShutter;
			sourceTree = "<group>";
		};
		D275ED2619F975AA00ADE69D /* Supporting Files */ = {
			isa = PBXGroup;
			children = (
				D275ED2719F975AA00ADE69D /* Info.plist */,
				D275ED2819F975AA00ADE69D /* main.m */,
			);
			name = "Supporting Files";
			sourceTree = "<group>";
		};
		D275ED3F19F975AA00ADE69D /* DSLRCameraBLEShutterTests */ = {
			isa = PBXGroup;
			children = (
				D275ED4219F975AA00ADE69D /* DSLRCameraBLEShutterTests.m */,
				D275ED4019F975AA00ADE69D /* Supporting Files */,
			);
			path = DSLRCameraBLEShutterTests;
			sourceTree = "<group>";
		};
		D275ED4019F975AA00ADE69D /* Supporting Files */ = {
			isa = PBXGroup;
			children = (
				D275ED4119F975AA00ADE69D /* Info.plist */,
			);
			name = "Supporting Files";
			sourceTree = "<group>";
		};
/* End PBXGroup section */

/* Begin PBXNativeTarget section */
		D275ED2219F975AA00ADE69D /* DSLRCameraBLEShutter */ = {
			isa = PBXNativeTarget;
			buildConfigurationList = D275ED4619F975AA00ADE69D /* Build configuration list for PBXNativeTarget "DSLRCameraBLEShutter" */;
			buildPhases = (
				D275ED1F19F975AA00ADE69D /* Sources */,
				D275ED2019F975AA00ADE69D /* Frameworks */,
				D275ED2119F975AA00ADE69D /* Resources */,
			);
			buildRules = (
			);
			dependencies = (
			);
			name = DSLRCameraBLEShutter;
			productName = DSLRCameraBLEShutter;
			productReference = D275ED2319F975AA00ADE69D /* DSLRCameraBLEShutter.app */;
			productType = "com.apple.product-type.application";
		};
		D275ED3B19F975AA00ADE69D /* DSLRCameraBLEShutterTests */ = {
			isa = PBXNativeTarget;
			buildConfigurationList = D275ED4919F975AA00ADE69D /* Build configuration list for PBXNativeTarget "DSLRCameraBLEShutterTests" */;
			buildPhases = (
				D275ED3819F975AA00ADE69D /* Sources */,
				D275ED3919F975AA00ADE69D /* Frameworks */,
				D275ED3A19F975AA00ADE69D /* Resources */,
			);
			buildRules = (
			);
			dependencies = (
				D275ED3E19F975AA00ADE69D /* PBXTargetDependency */,
			);
			name = DSLRCameraBLEShutterTests;
			productName = DSLRCameraBLEShutterTests;
			productReference = D275ED3C19F975AA00ADE69D /* DSLRCameraBLEShutterTests.xctest */;
			productType = "com.apple.product-type.bundle.unit-test";
		};
/* End PBXNativeTarget section */

/* Begin PBXProject section */
		D275ED1B19F975AA00ADE69D /* Project object */ = {
			isa = PBXProject;
			attributes = {
				LastUpgradeCheck = 0600;
				ORGANIZATIONNAME = "Shang Chuanren";
				TargetAttributes = {
					D275ED2219F975AA00ADE69D = {
						CreatedOnToolsVersion = 6.0.1;
						SystemCapabilities = {
							com.apple.BackgroundModes = {
								enabled = 1;
							};
						};
					};
					D275ED3B19F975AA00ADE69D = {
						CreatedOnToolsVersion = 6.0.1;
						TestTargetID = D275ED2219F975AA00ADE69D;
					};
				};
			};
			buildConfigurationList = D275ED1E19F975AA00ADE69D /* Build configuration list for PBXProject "DSLRCameraBLEShutter" */;
			compatibilityVersion = "Xcode 3.2";
			developmentRegion = English;
			hasScannedForEncodings = 0;
			knownRegions = (
				en,
				Base,
			);
			mainGroup = D275ED1A19F975AA00ADE69D;
			productRefGroup = D275ED2419F975AA00ADE69D /* Products */;
			projectDirPath = "";
			projectRoot = "";
			targets = (
				D275ED2219F975AA00ADE69D /* DSLRCameraBLEShutter */,
				D275ED3B19F975AA00ADE69D /* DSLRCameraBLEShutterTests */,
			);
		};
/* End PBXProject section */

/* Begin PBXResourcesBuildPhase section */
		D275ED2119F975AA00ADE69D /* Resources */ = {
			isa = PBXResourcesBuildPhase;
			buildActionMask = 2147483647;
			files = (
				D275ED5119F9852400ADE69D /* Images.xcassets in Resources */,
				D275ED3219F975AA00ADE69D /* Main.storyboard in Resources */,
				D275ED3719F975AA00ADE69D /* LaunchScreen.xib in Resources */,
			);
			runOnlyForDeploymentPostprocessing = 0;
		};
		D275ED3A19F975AA00ADE69D /* Resources */ = {
			isa = PBXResourcesBuildPhase;
			buildActionMask = 2147483647;
			files = (
			);
			runOnlyForDeploymentPostprocessing = 0;
		};
/* End PBXResourcesBuildPhase section */

/* Begin PBXSourcesBuildPhase section */
		D275ED1F19F975AA00ADE69D /* Sources */ = {
			isa = PBXSourcesBuildPhase;
			buildActionMask = 2147483647;
			files = (
				D275ED5419F993E400ADE69D /* ShutterViewController.m in Sources */,
				D275ED2C19F975AA00ADE69D /* AppDelegate.m in Sources */,
				D275ED2919F975AA00ADE69D /* main.m in Sources */,
			);
			runOnlyForDeploymentPostprocessing = 0;
		};
		D275ED3819F975AA00ADE69D /* Sources */ = {
			isa = PBXSourcesBuildPhase;
			buildActionMask = 2147483647;
			files = (
				D275ED4319F975AA00ADE69D /* DSLRCameraBLEShutterTests.m in Sources */,
			);
			runOnlyForDeploymentPostprocessing = 0;
		};
/* End PBXSourcesBuildPhase section */

/* Begin PBXTargetDependency section */
		D275ED3E19F975AA00ADE69D /* PBXTargetDependency */ = {
			isa = PBXTargetDependency;
			target = D275ED2219F975AA00ADE69D /* DSLRCameraBLEShutter */;
			targetProxy = D275ED3D19F975AA00ADE69D /* PBXContainerItemProxy */;
		};
/* End PBXTargetDependency section */

/* Begin PBXVariantGroup section */
		D275ED3019F975AA00ADE69D /* Main.storyboard */ = {
			isa = PBXVariantGroup;
			children = (
				D275ED3119F975AA00ADE69D /* Base */,
			);
			name = Main.storyboard;
			sourceTree = "<group>";
		};
		D275ED3519F975AA00ADE69D /* LaunchScreen.xib */ = {
			isa = PBXVariantGroup;
			children = (
				D275ED3619F975AA00ADE69D /* Base */,
			);
			name = LaunchScreen.xib;
			sourceTree = "<group>";
		};
/* End PBXVariantGroup section */

/* Begin XCBuildConfiguration section */
		D275ED4419F975AA00ADE69D /* Debug */ = {
			isa = XCBuildConfiguration;
			buildSettings = {
				ALWAYS_SEARCH_USER_PATHS = NO;
				CLANG_CXX_LANGUAGE_STANDARD = "gnu++0x";
				CLANG_CXX_LIBRARY = "libc++";
				CLANG_ENABLE_MODULES = YES;
				CLANG_ENABLE_OBJC_ARC = YES;
				CLANG_WARN_BOOL_CONVERSION = YES;
				CLANG_WARN_CONSTANT_CONVERSION = YES;
				CLANG_WARN_DIRECT_OBJC_ISA_USAGE = YES_ERROR;
				CLANG_WARN_EMPTY_BODY = YES;
				CLANG_WARN_ENUM_CONVERSION = YES;
				CLANG_WARN_INT_CONVERSION = YES;
				CLANG_WARN_OBJC_ROOT_CLASS = YES_ERROR;
				CLANG_WARN_UNREACHABLE_CODE = YES;
				CLANG_WARN__DUPLICATE_METHOD_MATCH = YES;
				"CODE_SIGN_IDENTITY[sdk=iphoneos*]" = "iPhone Developer";
				COPY_PHASE_STRIP = NO;
				ENABLE_STRICT_OBJC_MSGSEND = YES;
				GCC_C_LANGUAGE_STANDARD = gnu99;
				GCC_DYNAMIC_NO_PIC = NO;
				GCC_OPTIMIZATION_LEVEL = 0;
				GCC_PREPROCESSOR_DEFINITIONS = (
					"DEBUG=1",
					"$(inherited)",
				);
				GCC_SYMBOLS_PRIVATE_EXTERN = NO;
				GCC_WARN_64_TO_32_BIT_CONVERSION = YES;
				GCC_WARN_ABOUT_RETURN_TYPE = YES_ERROR;
				GCC_WARN_UNDECLARED_SELECTOR = YES;
				GCC_WARN_UNINITIALIZED_AUTOS = YES_AGGRESSIVE;
				GCC_WARN_UNUSED_FUNCTION = YES;
				GCC_WARN_UNUSED_VARIABLE = YES;
				IPHONEOS_DEPLOYMENT_TARGET = 8.0;
				MTL_ENABLE_DEBUG_INFO = YES;
				ONLY_ACTIVE_ARCH = YES;
				SDKROOT = iphoneos;
			};
			name = Debug;
		};
		D275ED4519F975AA00ADE69D /* Release */ = {
			isa = XCBuildConfiguration;
			buildSettings = {
				ALWAYS_SEARCH_USER_PATHS = NO;
				CLANG_CXX_LANGUAGE_STANDARD = "gnu++0x";
				CLANG_CXX_LIBRARY = "libc++";
				CLANG_ENABLE_MODULES = YES;
				CLANG_ENABLE_OBJC_ARC = YES;
				CLANG_WARN_BOOL_CONVERSION = YES;
				CLANG_WARN_CONSTANT_CONVERSION = YES;
				CLANG_WARN_DIRECT_OBJC_ISA_USAGE = YES_ERROR;
				CLANG_WARN_EMPTY_BODY = YES;
				CLANG_WARN_ENUM_CONVERSION = YES;
				CLANG_WARN_INT_CONVERSION = YES;
				CLANG_WARN_OBJC_ROOT_CLASS = YES_ERROR;
				CLANG_WARN_UNREACHABLE_CODE = YES;
				CLANG_WARN__DUPLICATE_METHOD_MATCH = YES;
				"CODE_SIGN_IDENTITY[sdk=iphoneos*]" = "iPhone Developer";
				COPY_PHASE_STRIP = YES;
				ENABLE_NS_ASSERTIONS = NO;
				ENABLE_STRICT_OBJC_MSGSEND = YES;
				GCC_C_LANGUAGE_STANDARD = gnu99;
				GCC_WARN_64_TO_32_BIT_CONVERSION = YES;
				GCC_WARN_ABOUT_RETURN_TYPE = YES_ERROR;
				GCC_WARN_UNDECLARED_SELECTOR = YES;
				GCC_WARN_UNINITIALIZED_AUTOS = YES_AGGRESSIVE;
				GCC_WARN_UNUSED_FUNCTION = YES;
				GCC_WARN_UNUSED_VARIABLE = YES;
				IPHONEOS_DEPLOYMENT_TARGET = 8.0;
				MTL_ENABLE_DEBUG_INFO = NO;
				SDKROOT = iphoneos;
				VALIDATE_PRODUCT = YES;
			};
			name = Release;
		};
		D275ED4719F975AA00ADE69D /* Debug */ = {
			isa = XCBuildConfiguration;
			buildSettings = {
				ASSETCATALOG_COMPILER_APPICON_NAME = AppIcon;
				ASSETCATALOG_COMPILER_LAUNCHIMAGE_NAME = LaunchImage;
				INFOPLIST_FILE = DSLRCameraBLEShutter/Info.plist;
				IPHONEOS_DEPLOYMENT_TARGET = 7.1;
				LD_RUNPATH_SEARCH_PATHS = "$(inherited) @executable_path/Frameworks";
				PRODUCT_NAME = "$(TARGET_NAME)";
			};
			name = Debug;
		};
		D275ED4819F975AA00ADE69D /* Release */ = {
			isa = XCBuildConfiguration;
			buildSettings = {
				ASSETCATALOG_COMPILER_APPICON_NAME = AppIcon;
				ASSETCATALOG_COMPILER_LAUNCHIMAGE_NAME = LaunchImage;
				INFOPLIST_FILE = DSLRCameraBLEShutter/Info.plist;
				IPHONEOS_DEPLOYMENT_TARGET = 7.1;
				LD_RUNPATH_SEARCH_PATHS = "$(inherited) @executable_path/Frameworks";
				PRODUCT_NAME = "$(TARGET_NAME)";
			};
			name = Release;
		};
		D275ED4A19F975AA00ADE69D /* Debug */ = {
			isa = XCBuildConfiguration;
			buildSettings = {
				BUNDLE_LOADER = "$(TEST_HOST)";
				FRAMEWORK_SEARCH_PATHS = (
					"$(SDKROOT)/Developer/Library/Frameworks",
					"$(inherited)",
				);
				GCC_PREPROCESSOR_DEFINITIONS = (
					"DEBUG=1",
					"$(inherited)",
				);
				INFOPLIST_FILE = DSLRCameraBLEShutterTests/Info.plist;
				LD_RUNPATH_SEARCH_PATHS = "$(inherited) @executable_path/Frameworks @loader_path/Frameworks";
				PRODUCT_NAME = "$(TARGET_NAME)";
				TEST_HOST = "$(BUILT_PRODUCTS_DIR)/DSLRCameraBLEShutter.app/DSLRCameraBLEShutter";
			};
			name = Debug;
		};
		D275ED4B19F975AA00ADE69D /* Release */ = {
			isa = XCBuildConfiguration;
			buildSettings = {
				BUNDLE_LOADER = "$(TEST_HOST)";
				FRAMEWORK_SEARCH_PATHS = (
					"$(SDKROOT)/Developer/Library/Frameworks",
					"$(inherited)",
				);
				INFOPLIST_FILE = DSLRCameraBLEShutterTests/Info.plist;
				LD_RUNPATH_SEARCH_PATHS = "$(inherited) @executable_path/Frameworks @loader_path/Frameworks";
				PRODUCT_NAME = "$(TARGET_NAME)";
				TEST_HOST = "$(BUILT_PRODUCTS_DIR)/DSLRCameraBLEShutter.app/DSLRCameraBLEShutter";
			};
			name = Release;
		};
/* End XCBuildConfiguration section */

/* Begin XCConfigurationList section */
		D275ED1E19F975AA00ADE69D /* Build configuration list for PBXProject "DSLRCameraBLEShutter" */ = {
			isa = XCConfigurationList;
			buildConfigurations = (
				D275ED4419F975AA00ADE69D /* Debug */,
				D275ED4519F975AA00ADE69D /* Release */,
			);
			defaultConfigurationIsVisible = 0;
			defaultConfigurationName = Release;
		};
		D275ED4619F975AA00ADE69D /* Build configuration list for PBXNativeTarget "DSLRCameraBLEShutter" */ = {
			isa = XCConfigurationList;
			buildConfigurations = (
				D275ED4719F975AA00ADE69D /* Debug */,
				D275ED4819F975AA00ADE69D /* Release */,
			);
			defaultConfigurationIsVisible = 0;
		};
		D275ED4919F975AA00ADE69D /* Build configuration list for PBXNativeTarget "DSLRCameraBLEShutterTests" */ = {
			isa = XCConfigurationList;
			buildConfigurations = (
				D275ED4A19F975AA00ADE69D /* Debug */,
				D275ED4B19F975AA00ADE69D /* Release */,
			);
			defaultConfigurationIsVisible = 0;
		};
/* End XCConfigurationList section */
	};
	rootObject = D275ED1B19F975AA00ADE69D /* Project object */;
}
